
Microsoft Visual Studio Solution File, Format Version 12.00
# Visual Studio Version 17
VisualStudioVersion = 17.1.32210.238
MinimumVisualStudioVersion = 10.0.40219.1
Project("{FAE04EC0-301F-11D3-BF4B-00C04F79EFBC}") = "Kenneth Perez", "Kenneth Perez\Kenneth Perez.csproj", "{884914B2-E154-4371-8F76-F6A5551C3D2B}"
EndProject
Global
	GlobalSection(SolutionConfigurationPlatforms) = preSolution
		Debug|Any CPU = Debug|Any CPU
		Release|Any CPU = Release|Any CPU
	EndGlobalSection
	GlobalSection(ProjectConfigurationPlatforms) = postSolution
		{884914B2-E154-4371-8F76-F6A5551C3D2B}.Debug|Any CPU.ActiveCfg = Debug|Any CPU
		{884914B2-E154-4371-8F76-F6A5551C3D2B}.Debug|Any CPU.Build.0 = Debug|Any CPU
		{884914B2-E154-4371-8F76-F6A5551C3D2B}.Release|Any CPU.ActiveCfg = Release|Any CPU
		{884914B2-E154-4371-8F76-F6A5551C3D2B}.Release|Any CPU.Build.0 = Release|Any CPU
	EndGlobalSection
	GlobalSection(SolutionProperties) = preSolution
		HideSolutionNode = FALSE
	EndGlobalSection
	GlobalSection(ExtensibilityGlobals) = postSolution
		SolutionGuid = {15CBA30F-4A3A-4857-A261-634218057E1F}
	EndGlobalSection
EndGlobal
